
Microsoft Visual Studio Solution File, Format Version 12.00
Project("{2150E333-8FDC-42A3-9474-1A3956D46DE8}") = "src", "src", "{AF00F885-1FE8-41C2-A535-119DB4BDD7A2}"
	ProjectSection(SolutionItems) = preProject
		Dockerfile = Dockerfile
		.dockerignore = .dockerignore
	EndProjectSection
EndProject
Project("{2150E333-8FDC-42A3-9474-1A3956D46DE8}") = "test", "test", "{8EF7D985-2B39-4D9E-96E4-7FC2C98FA3A1}"
EndProject
Project("{FAE04EC0-301F-11D3-BF4B-00C04F79EFBC}") = "Contracts", "Contracts\Contracts.csproj", "{1FE4F270-ADD7-45B1-ABF8-20573750BA36}"
EndProject
Project("{FAE04EC0-301F-11D3-BF4B-00C04F79EFBC}") = "Core", "Core\Core.csproj", "{DA7EFD4B-DFB4-4EEB-958C-786490BCBA22}"
EndProject
Project("{FAE04EC0-301F-11D3-BF4B-00C04F79EFBC}") = "Persistence", "Persistence\Persistence.csproj", "{3E918FD8-680C-467D-9C68-571999AD56DE}"
EndProject
Project("{FAE04EC0-301F-11D3-BF4B-00C04F79EFBC}") = "Web", "Web\Web.csproj", "{FE079B46-BD52-438F-8B2B-333FD1B70E83}"
EndProject
Project("{FAE04EC0-301F-11D3-BF4B-00C04F79EFBC}") = "UnitTest", "UnitTest\UnitTest.csproj", "{AF293B4A-2A6B-4BAE-961B-9214FF8DE63E}"
EndProject
Project("{FAE04EC0-301F-11D3-BF4B-00C04F79EFBC}") = "S3", "S3\S3.csproj", "{9243C2D5-A621-4CCE-93E8-ADD47C31DF44}"
EndProject
Global
	GlobalSection(SolutionConfigurationPlatforms) = preSolution
		Debug|Any CPU = Debug|Any CPU
		Release|Any CPU = Release|Any CPU
	EndGlobalSection
	GlobalSection(ProjectConfigurationPlatforms) = postSolution
		{1FE4F270-ADD7-45B1-ABF8-20573750BA36}.Debug|Any CPU.ActiveCfg = Debug|Any CPU
		{1FE4F270-ADD7-45B1-ABF8-20573750BA36}.Debug|Any CPU.Build.0 = Debug|Any CPU
		{1FE4F270-ADD7-45B1-ABF8-20573750BA36}.Release|Any CPU.ActiveCfg = Release|Any CPU
		{1FE4F270-ADD7-45B1-ABF8-20573750BA36}.Release|Any CPU.Build.0 = Release|Any CPU
		{DA7EFD4B-DFB4-4EEB-958C-786490BCBA22}.Debug|Any CPU.ActiveCfg = Debug|Any CPU
		{DA7EFD4B-DFB4-4EEB-958C-786490BCBA22}.Debug|Any CPU.Build.0 = Debug|Any CPU
		{DA7EFD4B-DFB4-4EEB-958C-786490BCBA22}.Release|Any CPU.ActiveCfg = Release|Any CPU
		{DA7EFD4B-DFB4-4EEB-958C-786490BCBA22}.Release|Any CPU.Build.0 = Release|Any CPU
		{3E918FD8-680C-467D-9C68-571999AD56DE}.Debug|Any CPU.ActiveCfg = Debug|Any CPU
		{3E918FD8-680C-467D-9C68-571999AD56DE}.Debug|Any CPU.Build.0 = Debug|Any CPU
		{3E918FD8-680C-467D-9C68-571999AD56DE}.Release|Any CPU.ActiveCfg = Release|Any CPU
		{3E918FD8-680C-467D-9C68-571999AD56DE}.Release|Any CPU.Build.0 = Release|Any CPU
		{FE079B46-BD52-438F-8B2B-333FD1B70E83}.Debug|Any CPU.ActiveCfg = Debug|Any CPU
		{FE079B46-BD52-438F-8B2B-333FD1B70E83}.Debug|Any CPU.Build.0 = Debug|Any CPU
		{FE079B46-BD52-438F-8B2B-333FD1B70E83}.Release|Any CPU.ActiveCfg = Release|Any CPU
		{FE079B46-BD52-438F-8B2B-333FD1B70E83}.Release|Any CPU.Build.0 = Release|Any CPU
		{AF293B4A-2A6B-4BAE-961B-9214FF8DE63E}.Debug|Any CPU.ActiveCfg = Debug|Any CPU
		{AF293B4A-2A6B-4BAE-961B-9214FF8DE63E}.Debug|Any CPU.Build.0 = Debug|Any CPU
		{AF293B4A-2A6B-4BAE-961B-9214FF8DE63E}.Release|Any CPU.ActiveCfg = Release|Any CPU
		{AF293B4A-2A6B-4BAE-961B-9214FF8DE63E}.Release|Any CPU.Build.0 = Release|Any CPU
		{9243C2D5-A621-4CCE-93E8-ADD47C31DF44}.Debug|Any CPU.ActiveCfg = Debug|Any CPU
		{9243C2D5-A621-4CCE-93E8-ADD47C31DF44}.Debug|Any CPU.Build.0 = Debug|Any CPU
		{9243C2D5-A621-4CCE-93E8-ADD47C31DF44}.Release|Any CPU.ActiveCfg = Release|Any CPU
		{9243C2D5-A621-4CCE-93E8-ADD47C31DF44}.Release|Any CPU.Build.0 = Release|Any CPU
	EndGlobalSection
	GlobalSection(NestedProjects) = preSolution
		{1FE4F270-ADD7-45B1-ABF8-20573750BA36} = {AF00F885-1FE8-41C2-A535-119DB4BDD7A2}
		{DA7EFD4B-DFB4-4EEB-958C-786490BCBA22} = {AF00F885-1FE8-41C2-A535-119DB4BDD7A2}
		{3E918FD8-680C-467D-9C68-571999AD56DE} = {AF00F885-1FE8-41C2-A535-119DB4BDD7A2}
		{FE079B46-BD52-438F-8B2B-333FD1B70E83} = {AF00F885-1FE8-41C2-A535-119DB4BDD7A2}
		{AF293B4A-2A6B-4BAE-961B-9214FF8DE63E} = {8EF7D985-2B39-4D9E-96E4-7FC2C98FA3A1}
		{9243C2D5-A621-4CCE-93E8-ADD47C31DF44} = {AF00F885-1FE8-41C2-A535-119DB4BDD7A2}
	EndGlobalSection
EndGlobal
